
Microsoft Visual Studio Solution File, Format Version 12.00
# Visual Studio Version 17
VisualStudioVersion = 17.14.36705.20
MinimumVisualStudioVersion = 10.0.40219.1
Project("{2150E333-8FDC-42A3-9474-1A3956D46DE8}") = "Services", "Services", "{02EA681E-C7D8-13C7-8484-4AC65E1B71E8}"
EndProject
Project("{2150E333-8FDC-42A3-9474-1A3956D46DE8}") = "Catalog", "Catalog", "{12AFA27B-475C-4CA5-8968-F5BB6D31FEA0}"
EndProject
Project("{FAE04EC0-301F-11D3-BF4B-00C04F79EFBC}") = "CatalogAPI", "Services\Catalog\CatalogAPI\CatalogAPI.csproj", "{51BED902-16EC-4C8B-87A4-082A51140BD8}"
EndProject
Project("{2150E333-8FDC-42A3-9474-1A3956D46DE8}") = "BuildingBlocks", "BuildingBlocks", "{6628085E-C19D-4773-9E34-0AACDAFA50A0}"
EndProject
Project("{FAE04EC0-301F-11D3-BF4B-00C04F79EFBC}") = "BuildingBlocks", "BuildingBlocks\BuildingBlocks\BuildingBlocks.csproj", "{9344D87D-7BA9-4CCE-B9E1-F690619595A4}"
EndProject
Project("{E53339B2-1760-4266-BCC7-CA923CBCF16C}") = "docker-compose", "docker-compose.dcproj", "{81DDED9D-158B-E303-5F62-77A2896D2A5A}"
EndProject
Project("{2150E333-8FDC-42A3-9474-1A3956D46DE8}") = "Discount", "Discount", "{48B520D0-10B2-489B-9DAB-FFE995E175A1}"
EndProject
Project("{FAE04EC0-301F-11D3-BF4B-00C04F79EFBC}") = "Discount.Grpc", "Services\Discount\Discount.Grpc\Discount.Grpc.csproj", "{0CED9534-2348-4552-8864-BF5D10826654}"
EndProject
Global
	GlobalSection(SolutionConfigurationPlatforms) = preSolution
		Debug|Any CPU = Debug|Any CPU
		Release|Any CPU = Release|Any CPU
	EndGlobalSection
	GlobalSection(ProjectConfigurationPlatforms) = postSolution
		{51BED902-16EC-4C8B-87A4-082A51140BD8}.Debug|Any CPU.ActiveCfg = Debug|Any CPU
		{51BED902-16EC-4C8B-87A4-082A51140BD8}.Debug|Any CPU.Build.0 = Debug|Any CPU
		{51BED902-16EC-4C8B-87A4-082A51140BD8}.Release|Any CPU.ActiveCfg = Release|Any CPU
		{51BED902-16EC-4C8B-87A4-082A51140BD8}.Release|Any CPU.Build.0 = Release|Any CPU
		{9344D87D-7BA9-4CCE-B9E1-F690619595A4}.Debug|Any CPU.ActiveCfg = Debug|Any CPU
		{9344D87D-7BA9-4CCE-B9E1-F690619595A4}.Debug|Any CPU.Build.0 = Debug|Any CPU
		{9344D87D-7BA9-4CCE-B9E1-F690619595A4}.Release|Any CPU.ActiveCfg = Release|Any CPU
		{9344D87D-7BA9-4CCE-B9E1-F690619595A4}.Release|Any CPU.Build.0 = Release|Any CPU
		{81DDED9D-158B-E303-5F62-77A2896D2A5A}.Debug|Any CPU.ActiveCfg = Debug|Any CPU
		{81DDED9D-158B-E303-5F62-77A2896D2A5A}.Debug|Any CPU.Build.0 = Debug|Any CPU
		{81DDED9D-158B-E303-5F62-77A2896D2A5A}.Release|Any CPU.ActiveCfg = Release|Any CPU
		{81DDED9D-158B-E303-5F62-77A2896D2A5A}.Release|Any CPU.Build.0 = Release|Any CPU
		{0CED9534-2348-4552-8864-BF5D10826654}.Debug|Any CPU.ActiveCfg = Debug|Any CPU
		{0CED9534-2348-4552-8864-BF5D10826654}.Debug|Any CPU.Build.0 = Debug|Any CPU
		{0CED9534-2348-4552-8864-BF5D10826654}.Release|Any CPU.ActiveCfg = Release|Any CPU
		{0CED9534-2348-4552-8864-BF5D10826654}.Release|Any CPU.Build.0 = Release|Any CPU
	EndGlobalSection
	GlobalSection(SolutionProperties) = preSolution
		HideSolutionNode = FALSE
	EndGlobalSection
	GlobalSection(NestedProjects) = preSolution
		{12AFA27B-475C-4CA5-8968-F5BB6D31FEA0} = {02EA681E-C7D8-13C7-8484-4AC65E1B71E8}
		{51BED902-16EC-4C8B-87A4-082A51140BD8} = {12AFA27B-475C-4CA5-8968-F5BB6D31FEA0}
		{9344D87D-7BA9-4CCE-B9E1-F690619595A4} = {6628085E-C19D-4773-9E34-0AACDAFA50A0}
		{48B520D0-10B2-489B-9DAB-FFE995E175A1} = {02EA681E-C7D8-13C7-8484-4AC65E1B71E8}
		{0CED9534-2348-4552-8864-BF5D10826654} = {48B520D0-10B2-489B-9DAB-FFE995E175A1}
	EndGlobalSection
	GlobalSection(ExtensibilityGlobals) = postSolution
		SolutionGuid = {4C0F93D1-3BA7-4E01-9B1B-4ED6657BD750}
	EndGlobalSection
EndGlobal
